
Microsoft Visual Studio Solution File, Format Version 12.00
# Visual Studio Version 17
VisualStudioVersion = 17.11.35312.102
MinimumVisualStudioVersion = 10.0.40219.1
Project("{FAE04EC0-301F-11D3-BF4B-00C04F79EFBC}") = "CustomerAPI", "CustomerAPI\CustomerAPI.csproj", "{DBE96347-174F-4BAF-86DF-16C7A7A7A235}"
EndProject
Global
	GlobalSection(SolutionConfigurationPlatforms) = preSolution
		Debug|Any CPU = Debug|Any CPU
		Release|Any CPU = Release|Any CPU
	EndGlobalSection
	GlobalSection(ProjectConfigurationPlatforms) = postSolution
		{DBE96347-174F-4BAF-86DF-16C7A7A7A235}.Debug|Any CPU.ActiveCfg = Debug|Any CPU
		{DBE96347-174F-4BAF-86DF-16C7A7A7A235}.Debug|Any CPU.Build.0 = Debug|Any CPU
		{DBE96347-174F-4BAF-86DF-16C7A7A7A235}.Release|Any CPU.ActiveCfg = Release|Any CPU
		{DBE96347-174F-4BAF-86DF-16C7A7A7A235}.Release|Any CPU.Build.0 = Release|Any CPU
	EndGlobalSection
	GlobalSection(SolutionProperties) = preSolution
		HideSolutionNode = FALSE
	EndGlobalSection
	GlobalSection(ExtensibilityGlobals) = postSolution
		SolutionGuid = {E642B8D6-0DBA-4BC2-92B1-618916617ED6}
	EndGlobalSection
EndGlobal
